{
  "R": {
    "Version": "4.4.1",
    "Repositories": [
      {
        "Name": "CRAN",
        "URL": "https://cran.rstudio.com"
      }
    ]
  },
  "Packages": {
    "R6": {
      "Package": "R6",
      "Version": "2.5.1",
      "Source": "Repository",
      "Repository": "RSPM",
      "Hash": "470851b6d5d0ac559e9d01bb352b4021",
      "Requirements": []
    },
    "RSelenium": {
      "Package": "RSelenium",
      "Version": "1.7.9",
      "Source": "Repository",
      "Repository": "RSPM",
      "Hash": "220fcb4ef5aa02aecbeaf3d9617d361b",
      "Requirements": [
        "caTools",
        "httr",
        "wdman"
      ]
    },
    "Rcpp": {
      "Package": "Rcpp",
      "Version": "1.0.13",
      "Source": "Repository",
      "Repository": "CRAN",
      "Hash": "f27411eb6d9c3dada5edd444b8416675",
      "Requirements": []
    },
    "askpass": {
      "Package": "askpass",
      "Version": "1.2.0",
      "Source": "Repository",
      "Repository": "RSPM",
      "Hash": "cad6cf7f1d5f6e906700b9d3e718c796",
      "Requirements": [
        "sys"
      ]
    },
    "assertthat": {
      "Package": "assertthat",
      "Version": "0.2.1",
      "Source": "Repository",
      "Repository": "RSPM",
      "Hash": "50c838a310445e954bc13f26f26a6ecf",
      "Requirements": []
    },
    "binman": {
      "Package": "binman",
      "Version": "0.1.3",
      "Source": "Repository",
      "Repository": "RSPM",
      "Hash": "36668971df260c1a5af77bfb92b1dbf5",
      "Requirements": [
        "assertthat",
        "httr",
        "jsonlite",
        "rappdirs",
        "semver",
        "xml2",
        "yaml"
      ]
    },
    "bitops": {
      "Package": "bitops",
      "Version": "1.0-8",
      "Source": "Repository",
      "Repository": "CRAN",
      "Hash": "da69e6b6f8feebec0827205aad3fdbd8",
      "Requirements": []
    },
    "caTools": {
      "Package": "caTools",
      "Version": "1.18.3",
      "Source": "Repository",
      "Repository": "RSPM",
      "Hash": "ab79c733080d83b4ad8a2cc33c1ef393",
      "Requirements": [
        "bitops"
      ]
    },
    "cli": {
      "Package": "cli",
      "Version": "3.6.3",
      "Source": "Repository",
      "Repository": "RSPM",
      "Hash": "b21916dd77a27642b447374a5d30ecf3",
      "Requirements": []
    },
    "curl": {
      "Package": "curl",
      "Version": "5.2.3",
      "Source": "Repository",
      "Repository": "RSPM",
      "Hash": "d91263322a58af798f6cf3b13fd56dde",
      "Requirements": []
    },
    "glue": {
      "Package": "glue",
      "Version": "1.7.0",
      "Source": "Repository",
      "Repository": "RSPM",
      "Hash": "e0b3a53876554bd45879e596cdb10a52",
      "Requirements": []
    },
    "httr": {
      "Package": "httr",
      "Version": "1.4.7",
      "Source": "Repository",
      "Repository": "RSPM",
      "Hash": "ac107251d9d9fd72f0ca8049988f1d7f",
      "Requirements": [
        "R6",
        "curl",
        "jsonlite",
        "mime",
        "openssl"
      ]
    },
    "jsonlite": {
      "Package": "jsonlite",
      "Version": "1.8.9",
      "Source": "Repository",
      "Repository": "RSPM",
      "Hash": "4e993b65c2c3ffbffce7bb3e2c6f832b",
      "Requirements": []
    },
    "logger": {
      "Package": "logger",
      "Version": "0.3.0",
      "Source": "Repository",
      "Repository": "RSPM",
      "Hash": "c145edf05cc128e6ffcfa5d872c46329",
      "Requirements": []
    },
    "mime": {
      "Package": "mime",
      "Version": "0.12",
      "Source": "Repository",
      "Repository": "RSPM",
      "Hash": "18e9c28c1d3ca1560ce30658b22ce104",
      "Requirements": []
    },
    "openssl": {
      "Package": "openssl",
      "Version": "2.2.2",
      "Source": "Repository",
      "Repository": "RSPM",
      "Hash": "d413e0fef796c9401a4419485f709ca1",
      "Requirements": [
        "askpass"
      ]
    },
    "processx": {
      "Package": "processx",
      "Version": "3.8.4",
      "Source": "Repository",
      "Repository": "RSPM",
      "Hash": "0c90a7d71988856bad2a2a45dd871bb9",
      "Requirements": [
        "R6",
        "ps"
      ]
    },
    "ps": {
      "Package": "ps",
      "Version": "1.8.0",
      "Source": "Repository",
      "Repository": "RSPM",
      "Hash": "4b9c8485b0c7eecdf0a9ba5132a45576",
      "Requirements": []
    },
    "rappdirs": {
      "Package": "rappdirs",
      "Version": "0.3.3",
      "Source": "Repository",
      "Repository": "RSPM",
      "Hash": "5e3c5dc0b071b21fa128676560dbe94d",
      "Requirements": []
    },
    "renv": {
      "Package": "renv",
      "Version": "0.15.5",
      "Source": "Repository",
      "Repository": "CRAN",
      "Hash": "6a38294e7d12f5d8e656b08c5bd8ae34",
      "Requirements": []
    },
    "rlang": {
      "Package": "rlang",
      "Version": "1.1.4",
      "Source": "Repository",
      "Repository": "RSPM",
      "Hash": "3eec01f8b1dee337674b2e34ab1f9bc1",
      "Requirements": []
    },
    "semver": {
      "Package": "semver",
      "Version": "0.2.0",
      "Source": "Repository",
      "Repository": "RSPM",
      "Hash": "767de4760297e70995edb7b30fbda816",
      "Requirements": [
        "Rcpp",
        "assertthat"
      ]
    },
    "sys": {
      "Package": "sys",
      "Version": "3.4.2",
      "Source": "Repository",
      "Repository": "CRAN",
      "Hash": "3a1be13d68d47a8cd0bfd74739ca1555",
      "Requirements": []
    },
    "wdman": {
      "Package": "wdman",
      "Version": "0.2.6",
      "Source": "Repository",
      "Repository": "RSPM",
      "Hash": "cf0c1b51d169b354f561f73ee2761c18",
      "Requirements": [
        "assertthat",
        "binman",
        "processx",
        "semver",
        "yaml"
      ]
    },
    "xml2": {
      "Package": "xml2",
      "Version": "1.3.6",
      "Source": "Repository",
      "Repository": "RSPM",
      "Hash": "1d0336142f4cd25d8d23cd3ba7a8fb61",
      "Requirements": [
        "cli",
        "rlang"
      ]
    },
    "yaml": {
      "Package": "yaml",
      "Version": "2.3.10",
      "Source": "Repository",
      "Repository": "CRAN",
      "Hash": "51dab85c6c98e50a18d7551e9d49f76c",
      "Requirements": []
    }
  }
}
